# This file is automatically @generated by Cargo.
# It is not intended for manual editing.
[[package]]
name = "closure"
version = "0.1.0"

[[package]]
name = "oop-state-pattern"
version = "0.1.0"

[[package]]
name = "reference-cycles"
version = "0.1.0"

[[package]]
name = "shared-state-concurrency"
version = "0.1.0"

